
Microsoft Visual Studio Solution File, Format Version 12.00
# Visual Studio Version 17
VisualStudioVersion = 17.7.34003.232
MinimumVisualStudioVersion = 10.0.40219.1
Project("{FAE04EC0-301F-11D3-BF4B-00C04F79EFBC}") = "dutchrw", "dutchrw.csproj", "{609508F2-3B5D-48FE-804E-E236B5FB1A8D}"
EndProject
Project("{2150E333-8FDC-42A3-9474-1A3956D46DE8}") = "Solution Items", "Solution Items", "{0AD8555F-3283-4D94-B73B-FC02394E78AE}"
	ProjectSection(SolutionItems) = preProject
		.editorconfig = .editorconfig
	EndProjectSection
EndProject
Global
	GlobalSection(SolutionConfigurationPlatforms) = preSolution
		Debug|Any CPU = Debug|Any CPU
		Release|Any CPU = Release|Any CPU
	EndGlobalSection
	GlobalSection(ProjectConfigurationPlatforms) = postSolution
		{609508F2-3B5D-48FE-804E-E236B5FB1A8D}.Debug|Any CPU.ActiveCfg = Debug|Any CPU
		{609508F2-3B5D-48FE-804E-E236B5FB1A8D}.Debug|Any CPU.Build.0 = Debug|Any CPU
		{609508F2-3B5D-48FE-804E-E236B5FB1A8D}.Release|Any CPU.ActiveCfg = Release|Any CPU
		{609508F2-3B5D-48FE-804E-E236B5FB1A8D}.Release|Any CPU.Build.0 = Release|Any CPU
	EndGlobalSection
	GlobalSection(SolutionProperties) = preSolution
		HideSolutionNode = FALSE
	EndGlobalSection
	GlobalSection(ExtensibilityGlobals) = postSolution
		SolutionGuid = {57BF230F-370C-440C-8DC1-161E92900ABB}
	EndGlobalSection
EndGlobal
